
Microsoft Visual Studio Solution File, Format Version 12.00
# Visual Studio Version 16
VisualStudioVersion = 16.0.31005.135
MinimumVisualStudioVersion = 10.0.40219.1
Project("{9A19103F-16F7-4668-BE54-9A1E7A4F7556}") = "Kissa", "Kissa\Kissa.csproj", "{6EA3A09F-7350-471E-A1C7-72A4EB459257}"
EndProject
Project("{9A19103F-16F7-4668-BE54-9A1E7A4F7556}") = "Koira", "Koira\Koira.csproj", "{1258EF1A-C969-4BA9-BBFD-DDCF895CF6E6}"
EndProject
Project("{FAE04EC0-301F-11D3-BF4B-00C04F79EFBC}") = "Ika", "Ika\Ika.csproj", "{2677F4BD-BAB2-495E-834D-6BAB6DA9B6DE}"
EndProject
Project("{FAE04EC0-301F-11D3-BF4B-00C04F79EFBC}") = "ClassLibrary", "ClassLibrary\ClassLibrary.csproj", "{06CF1C73-3D36-410C-A091-2EBAEECB253E}"
EndProject
Project("{FAE04EC0-301F-11D3-BF4B-00C04F79EFBC}") = "Periytyminen", "Periytyminen\Periytyminen.csproj", "{081849CB-8748-4B87-BD10-4E640824BE3C}"
EndProject
Project("{FAE04EC0-301F-11D3-BF4B-00C04F79EFBC}") = "Nisakkaat", "Nisakkaat\Nisakkaat.csproj", "{FAB08EA6-EB7A-480A-9239-10933C3B5B98}"
EndProject
Project("{FAE04EC0-301F-11D3-BF4B-00C04F79EFBC}") = "Linnut", "Linnut\Linnut.csproj", "{116D1E4E-FB91-461E-8EFD-08F3542CC552}"
EndProject
Project("{FAE04EC0-301F-11D3-BF4B-00C04F79EFBC}") = "Papukaija", "Papukaija\Papukaija.csproj", "{6DCFBE6F-411A-474B-818B-8B028D95A7A4}"
EndProject
Project("{2150E333-8FDC-42A3-9474-1A3956D46DE8}") = "Solution Items", "Solution Items", "{83F674D6-84A5-4A98-9D31-15AB37CE985C}"
	ProjectSection(SolutionItems) = preProject
		UML-Diagram.png = UML-Diagram.png
	EndProjectSection
EndProject
Global
	GlobalSection(SolutionConfigurationPlatforms) = preSolution
		Debug|Any CPU = Debug|Any CPU
		Release|Any CPU = Release|Any CPU
	EndGlobalSection
	GlobalSection(ProjectConfigurationPlatforms) = postSolution
		{6EA3A09F-7350-471E-A1C7-72A4EB459257}.Debug|Any CPU.ActiveCfg = Debug|Any CPU
		{6EA3A09F-7350-471E-A1C7-72A4EB459257}.Debug|Any CPU.Build.0 = Debug|Any CPU
		{6EA3A09F-7350-471E-A1C7-72A4EB459257}.Release|Any CPU.ActiveCfg = Release|Any CPU
		{6EA3A09F-7350-471E-A1C7-72A4EB459257}.Release|Any CPU.Build.0 = Release|Any CPU
		{1258EF1A-C969-4BA9-BBFD-DDCF895CF6E6}.Debug|Any CPU.ActiveCfg = Debug|Any CPU
		{1258EF1A-C969-4BA9-BBFD-DDCF895CF6E6}.Debug|Any CPU.Build.0 = Debug|Any CPU
		{1258EF1A-C969-4BA9-BBFD-DDCF895CF6E6}.Release|Any CPU.ActiveCfg = Release|Any CPU
		{1258EF1A-C969-4BA9-BBFD-DDCF895CF6E6}.Release|Any CPU.Build.0 = Release|Any CPU
		{2677F4BD-BAB2-495E-834D-6BAB6DA9B6DE}.Debug|Any CPU.ActiveCfg = Debug|Any CPU
		{2677F4BD-BAB2-495E-834D-6BAB6DA9B6DE}.Debug|Any CPU.Build.0 = Debug|Any CPU
		{2677F4BD-BAB2-495E-834D-6BAB6DA9B6DE}.Release|Any CPU.ActiveCfg = Release|Any CPU
		{2677F4BD-BAB2-495E-834D-6BAB6DA9B6DE}.Release|Any CPU.Build.0 = Release|Any CPU
		{06CF1C73-3D36-410C-A091-2EBAEECB253E}.Debug|Any CPU.ActiveCfg = Debug|Any CPU
		{06CF1C73-3D36-410C-A091-2EBAEECB253E}.Debug|Any CPU.Build.0 = Debug|Any CPU
		{06CF1C73-3D36-410C-A091-2EBAEECB253E}.Release|Any CPU.ActiveCfg = Release|Any CPU
		{06CF1C73-3D36-410C-A091-2EBAEECB253E}.Release|Any CPU.Build.0 = Release|Any CPU
		{081849CB-8748-4B87-BD10-4E640824BE3C}.Debug|Any CPU.ActiveCfg = Debug|Any CPU
		{081849CB-8748-4B87-BD10-4E640824BE3C}.Debug|Any CPU.Build.0 = Debug|Any CPU
		{081849CB-8748-4B87-BD10-4E640824BE3C}.Release|Any CPU.ActiveCfg = Release|Any CPU
		{081849CB-8748-4B87-BD10-4E640824BE3C}.Release|Any CPU.Build.0 = Release|Any CPU
		{FAB08EA6-EB7A-480A-9239-10933C3B5B98}.Debug|Any CPU.ActiveCfg = Debug|Any CPU
		{FAB08EA6-EB7A-480A-9239-10933C3B5B98}.Debug|Any CPU.Build.0 = Debug|Any CPU
		{FAB08EA6-EB7A-480A-9239-10933C3B5B98}.Release|Any CPU.ActiveCfg = Release|Any CPU
		{FAB08EA6-EB7A-480A-9239-10933C3B5B98}.Release|Any CPU.Build.0 = Release|Any CPU
		{116D1E4E-FB91-461E-8EFD-08F3542CC552}.Debug|Any CPU.ActiveCfg = Debug|Any CPU
		{116D1E4E-FB91-461E-8EFD-08F3542CC552}.Debug|Any CPU.Build.0 = Debug|Any CPU
		{116D1E4E-FB91-461E-8EFD-08F3542CC552}.Release|Any CPU.ActiveCfg = Release|Any CPU
		{116D1E4E-FB91-461E-8EFD-08F3542CC552}.Release|Any CPU.Build.0 = Release|Any CPU
		{6DCFBE6F-411A-474B-818B-8B028D95A7A4}.Debug|Any CPU.ActiveCfg = Debug|Any CPU
		{6DCFBE6F-411A-474B-818B-8B028D95A7A4}.Debug|Any CPU.Build.0 = Debug|Any CPU
		{6DCFBE6F-411A-474B-818B-8B028D95A7A4}.Release|Any CPU.ActiveCfg = Release|Any CPU
		{6DCFBE6F-411A-474B-818B-8B028D95A7A4}.Release|Any CPU.Build.0 = Release|Any CPU
	EndGlobalSection
	GlobalSection(SolutionProperties) = preSolution
		HideSolutionNode = FALSE
	EndGlobalSection
	GlobalSection(ExtensibilityGlobals) = postSolution
		SolutionGuid = {74CD6567-3096-490D-B0B0-300D524B5717}
	EndGlobalSection
EndGlobal
